// !$*UTF8*$!
{
	archiveVersion = 1;
	classes = {
	};
	objectVersion = 48;
	objects = {

/* Begin PBXBuildFile section */
		0D21501A58F1597D62F1853D /* Pods_ExerciseList.framework in Frameworks */ = {isa = PBXBuildFile; fileRef = 19303E30BF8FE17E6AEF29CB /* Pods_ExerciseList.framework */; };
		7C184A2E1FAFC35900680212 /* DatabaseService.swift in Sources */ = {isa = PBXBuildFile; fileRef = 7C184A2D1FAFC35900680212 /* DatabaseService.swift */; };
		7C5673311FAF91FD009B82AF /* AppDelegate.swift in Sources */ = {isa = PBXBuildFile; fileRef = 7C5673301FAF91FD009B82AF /* AppDelegate.swift */; };
		7C5673331FAF91FD009B82AF /* ViewController.swift in Sources */ = {isa = PBXBuildFile; fileRef = 7C5673321FAF91FD009B82AF /* ViewController.swift */; };
		7C5673361FAF91FD009B82AF /* Main.storyboard in Resources */ = {isa = PBXBuildFile; fileRef = 7C5673341FAF91FD009B82AF /* Main.storyboard */; };
		7C5673381FAF91FD009B82AF /* Assets.xcassets in Resources */ = {isa = PBXBuildFile; fileRef = 7C5673371FAF91FD009B82AF /* Assets.xcassets */; };
		7C56733B1FAF91FD009B82AF /* LaunchScreen.storyboard in Resources */ = {isa = PBXBuildFile; fileRef = 7C5673391FAF91FD009B82AF /* LaunchScreen.storyboard */; };
		7C61E4D71FAF95D300A06204 /* ExerciseService.swift in Sources */ = {isa = PBXBuildFile; fileRef = 7C61E4D61FAF95D300A06204 /* ExerciseService.swift */; };
		7C61E4DA1FAF980B00A06204 /* Exercise.swift in Sources */ = {isa = PBXBuildFile; fileRef = 7C61E4D91FAF980B00A06204 /* Exercise.swift */; };
		7C61E4DD1FAF9AF600A06204 /* DataHandler.swift in Sources */ = {isa = PBXBuildFile; fileRef = 7C61E4DC1FAF9AF600A06204 /* DataHandler.swift */; };
		7C61E4E21FAFAF2100A06204 /* ExerciseCell.swift in Sources */ = {isa = PBXBuildFile; fileRef = 7C61E4E11FAFAF2100A06204 /* ExerciseCell.swift */; };
/* End PBXBuildFile section */

/* Begin PBXFileReference section */
		19303E30BF8FE17E6AEF29CB /* Pods_ExerciseList.framework */ = {isa = PBXFileReference; explicitFileType = wrapper.framework; includeInIndex = 0; path = Pods_ExerciseList.framework; sourceTree = BUILT_PRODUCTS_DIR; };
		23022ADFAC1180753B338499 /* Pods-ExerciseList.release.xcconfig */ = {isa = PBXFileReference; includeInIndex = 1; lastKnownFileType = text.xcconfig; name = "Pods-ExerciseList.release.xcconfig"; path = "Pods/Target Support Files/Pods-ExerciseList/Pods-ExerciseList.release.xcconfig"; sourceTree = "<group>"; };
		610CE489D8ECD6974A66D95C /* Pods-ExerciseList.debug.xcconfig */ = {isa = PBXFileReference; includeInIndex = 1; lastKnownFileType = text.xcconfig; name = "Pods-ExerciseList.debug.xcconfig"; path = "Pods/Target Support Files/Pods-ExerciseList/Pods-ExerciseList.debug.xcconfig"; sourceTree = "<group>"; };
		7C184A2D1FAFC35900680212 /* DatabaseService.swift */ = {isa = PBXFileReference; lastKnownFileType = sourcecode.swift; path = DatabaseService.swift; sourceTree = "<group>"; };
		7C56732D1FAF91FD009B82AF /* ExerciseList.app */ = {isa = PBXFileReference; explicitFileType = wrapper.application; includeInIndex = 0; path = ExerciseList.app; sourceTree = BUILT_PRODUCTS_DIR; };
		7C5673301FAF91FD009B82AF /* AppDelegate.swift */ = {isa = PBXFileReference; lastKnownFileType = sourcecode.swift; path = AppDelegate.swift; sourceTree = "<group>"; };
		7C5673321FAF91FD009B82AF /* ViewController.swift */ = {isa = PBXFileReference; lastKnownFileType = sourcecode.swift; path = ViewController.swift; sourceTree = "<group>"; };
		7C5673351FAF91FD009B82AF /* Base */ = {isa = PBXFileReference; lastKnownFileType = file.storyboard; name = Base; path = Base.lproj/Main.storyboard; sourceTree = "<group>"; };
		7C5673371FAF91FD009B82AF /* Assets.xcassets */ = {isa = PBXFileReference; lastKnownFileType = folder.assetcatalog; path = Assets.xcassets; sourceTree = "<group>"; };
		7C56733A1FAF91FD009B82AF /* Base */ = {isa = PBXFileReference; lastKnownFileType = file.storyboard; name = Base; path = Base.lproj/LaunchScreen.storyboard; sourceTree = "<group>"; };
		7C56733C1FAF91FD009B82AF /* Info.plist */ = {isa = PBXFileReference; lastKnownFileType = text.plist.xml; path = Info.plist; sourceTree = "<group>"; };
		7C61E4D61FAF95D300A06204 /* ExerciseService.swift */ = {isa = PBXFileReference; lastKnownFileType = sourcecode.swift; path = ExerciseService.swift; sourceTree = "<group>"; };
		7C61E4D91FAF980B00A06204 /* Exercise.swift */ = {isa = PBXFileReference; lastKnownFileType = sourcecode.swift; path = Exercise.swift; sourceTree = "<group>"; };
		7C61E4DC1FAF9AF600A06204 /* DataHandler.swift */ = {isa = PBXFileReference; lastKnownFileType = sourcecode.swift; path = DataHandler.swift; sourceTree = "<group>"; };
		7C61E4E11FAFAF2100A06204 /* ExerciseCell.swift */ = {isa = PBXFileReference; lastKnownFileType = sourcecode.swift; path = ExerciseCell.swift; sourceTree = "<group>"; };
/* End PBXFileReference section */

/* Begin PBXFrameworksBuildPhase section */
		7C56732A1FAF91FD009B82AF /* Frameworks */ = {
			isa = PBXFrameworksBuildPhase;
			buildActionMask = 2147483647;
			files = (
				0D21501A58F1597D62F1853D /* Pods_ExerciseList.framework in Frameworks */,
			);
			runOnlyForDeploymentPostprocessing = 0;
		};
/* End PBXFrameworksBuildPhase section */

/* Begin PBXGroup section */
		1D222D079DED0875DB1E951B /* Frameworks */ = {
			isa = PBXGroup;
			children = (
				19303E30BF8FE17E6AEF29CB /* Pods_ExerciseList.framework */,
			);
			name = Frameworks;
			sourceTree = "<group>";
		};
		4E1E7DADC475661EE342E2DF /* Pods */ = {
			isa = PBXGroup;
			children = (
				610CE489D8ECD6974A66D95C /* Pods-ExerciseList.debug.xcconfig */,
				23022ADFAC1180753B338499 /* Pods-ExerciseList.release.xcconfig */,
			);
			name = Pods;
			sourceTree = "<group>";
		};
		7C184A2C1FAFC34100680212 /* Database */ = {
			isa = PBXGroup;
			children = (
				7C184A2D1FAFC35900680212 /* DatabaseService.swift */,
			);
			path = Database;
			sourceTree = "<group>";
		};
		7C5673241FAF91FD009B82AF = {
			isa = PBXGroup;
			children = (
				7C56732F1FAF91FD009B82AF /* ExerciseList */,
				7C56732E1FAF91FD009B82AF /* Products */,
				4E1E7DADC475661EE342E2DF /* Pods */,
				1D222D079DED0875DB1E951B /* Frameworks */,
			);
			sourceTree = "<group>";
		};
		7C56732E1FAF91FD009B82AF /* Products */ = {
			isa = PBXGroup;
			children = (
				7C56732D1FAF91FD009B82AF /* ExerciseList.app */,
			);
			name = Products;
			sourceTree = "<group>";
		};
		7C56732F1FAF91FD009B82AF /* ExerciseList */ = {
			isa = PBXGroup;
			children = (
				7C184A2C1FAFC34100680212 /* Database */,
				7C61E4DE1FAFAE6000A06204 /* Views */,
				7C61E4DB1FAF992400A06204 /* Utils */,
				7C61E4D81FAF980200A06204 /* Models */,
				7C61E4D51FAF95A400A06204 /* Network */,
				7C5673301FAF91FD009B82AF /* AppDelegate.swift */,
				7C5673321FAF91FD009B82AF /* ViewController.swift */,
				7C5673341FAF91FD009B82AF /* Main.storyboard */,
				7C5673371FAF91FD009B82AF /* Assets.xcassets */,
				7C5673391FAF91FD009B82AF /* LaunchScreen.storyboard */,
				7C56733C1FAF91FD009B82AF /* Info.plist */,
			);
			path = ExerciseList;
			sourceTree = "<group>";
		};
		7C61E4D51FAF95A400A06204 /* Network */ = {
			isa = PBXGroup;
			children = (
				7C61E4D61FAF95D300A06204 /* ExerciseService.swift */,
			);
			path = Network;
			sourceTree = "<group>";
		};
		7C61E4D81FAF980200A06204 /* Models */ = {
			isa = PBXGroup;
			children = (
				7C61E4D91FAF980B00A06204 /* Exercise.swift */,
			);
			path = Models;
			sourceTree = "<group>";
		};
		7C61E4DB1FAF992400A06204 /* Utils */ = {
			isa = PBXGroup;
			children = (
				7C61E4DC1FAF9AF600A06204 /* DataHandler.swift */,
			);
			path = Utils;
			sourceTree = "<group>";
		};
		7C61E4DE1FAFAE6000A06204 /* Views */ = {
			isa = PBXGroup;
			children = (
				7C61E4E11FAFAF2100A06204 /* ExerciseCell.swift */,
			);
			path = Views;
			sourceTree = "<group>";
		};
/* End PBXGroup section */

/* Begin PBXNativeTarget section */
		7C56732C1FAF91FD009B82AF /* ExerciseList */ = {
			isa = PBXNativeTarget;
			buildConfigurationList = 7C56733F1FAF91FD009B82AF /* Build configuration list for PBXNativeTarget "ExerciseList" */;
			buildPhases = (
				3131D241C4FFB195771C7FAA /* [CP] Check Pods Manifest.lock */,
				7C5673291FAF91FD009B82AF /* Sources */,
				7C56732A1FAF91FD009B82AF /* Frameworks */,
				7C56732B1FAF91FD009B82AF /* Resources */,
				5B4870DB86FDBD30B9DC778A /* [CP] Embed Pods Frameworks */,
				9D13E6412E9B579D9675603C /* [CP] Copy Pods Resources */,
			);
			buildRules = (
			);
			dependencies = (
			);
			name = ExerciseList;
			productName = ExerciseList;
			productReference = 7C56732D1FAF91FD009B82AF /* ExerciseList.app */;
			productType = "com.apple.product-type.application";
		};
/* End PBXNativeTarget section */

/* Begin PBXProject section */
		7C5673251FAF91FD009B82AF /* Project object */ = {
			isa = PBXProject;
			attributes = {
				LastSwiftUpdateCheck = 0900;
				LastUpgradeCheck = 0900;
				ORGANIZATIONNAME = TimotheeMato;
				TargetAttributes = {
					7C56732C1FAF91FD009B82AF = {
						CreatedOnToolsVersion = 9.0;
						ProvisioningStyle = Automatic;
					};
				};
			};
			buildConfigurationList = 7C5673281FAF91FD009B82AF /* Build configuration list for PBXProject "ExerciseList" */;
			compatibilityVersion = "Xcode 8.0";
			developmentRegion = en;
			hasScannedForEncodings = 0;
			knownRegions = (
				en,
				Base,
			);
			mainGroup = 7C5673241FAF91FD009B82AF;
			productRefGroup = 7C56732E1FAF91FD009B82AF /* Products */;
			projectDirPath = "";
			projectRoot = "";
			targets = (
				7C56732C1FAF91FD009B82AF /* ExerciseList */,
			);
		};
/* End PBXProject section */

/* Begin PBXResourcesBuildPhase section */
		7C56732B1FAF91FD009B82AF /* Resources */ = {
			isa = PBXResourcesBuildPhase;
			buildActionMask = 2147483647;
			files = (
				7C56733B1FAF91FD009B82AF /* LaunchScreen.storyboard in Resources */,
				7C5673381FAF91FD009B82AF /* Assets.xcassets in Resources */,
				7C5673361FAF91FD009B82AF /* Main.storyboard in Resources */,
			);
			runOnlyForDeploymentPostprocessing = 0;
		};
/* End PBXResourcesBuildPhase section */

/* Begin PBXShellScriptBuildPhase section */
		3131D241C4FFB195771C7FAA /* [CP] Check Pods Manifest.lock */ = {
			isa = PBXShellScriptBuildPhase;
			buildActionMask = 2147483647;
			files = (
			);
			inputPaths = (
				"${PODS_PODFILE_DIR_PATH}/Podfile.lock",
				"${PODS_ROOT}/Manifest.lock",
			);
			name = "[CP] Check Pods Manifest.lock";
			outputPaths = (
				"$(DERIVED_FILE_DIR)/Pods-ExerciseList-checkManifestLockResult.txt",
			);
			runOnlyForDeploymentPostprocessing = 0;
			shellPath = /bin/sh;
			shellScript = "diff \"${PODS_PODFILE_DIR_PATH}/Podfile.lock\" \"${PODS_ROOT}/Manifest.lock\" > /dev/null\nif [ $? != 0 ] ; then\n    # print error to STDERR\n    echo \"error: The sandbox is not in sync with the Podfile.lock. Run 'pod install' or update your CocoaPods installation.\" >&2\n    exit 1\nfi\n# This output is used by Xcode 'outputs' to avoid re-running this script phase.\necho \"SUCCESS\" > \"${SCRIPT_OUTPUT_FILE_0}\"\n";
			showEnvVarsInLog = 0;
		};
		5B4870DB86FDBD30B9DC778A /* [CP] Embed Pods Frameworks */ = {
			isa = PBXShellScriptBuildPhase;
			buildActionMask = 2147483647;
			files = (
			);
			inputPaths = (
				"${SRCROOT}/Pods/Target Support Files/Pods-ExerciseList/Pods-ExerciseList-frameworks.sh",
				"${BUILT_PRODUCTS_DIR}/Alamofire/Alamofire.framework",
				"${BUILT_PRODUCTS_DIR}/Moya/Moya.framework",
				"${BUILT_PRODUCTS_DIR}/Result/Result.framework",
				"${BUILT_PRODUCTS_DIR}/SDWebImage/SDWebImage.framework",
				"${BUILT_PRODUCTS_DIR}/SQLite.swift/SQLite.framework",
				"${BUILT_PRODUCTS_DIR}/SwiftyJSON/SwiftyJSON.framework",
			);
			name = "[CP] Embed Pods Frameworks";
			outputPaths = (
				"${TARGET_BUILD_DIR}/${FRAMEWORKS_FOLDER_PATH}/Alamofire.framework",
				"${TARGET_BUILD_DIR}/${FRAMEWORKS_FOLDER_PATH}/Moya.framework",
				"${TARGET_BUILD_DIR}/${FRAMEWORKS_FOLDER_PATH}/Result.framework",
				"${TARGET_BUILD_DIR}/${FRAMEWORKS_FOLDER_PATH}/SDWebImage.framework",
				"${TARGET_BUILD_DIR}/${FRAMEWORKS_FOLDER_PATH}/SQLite.framework",
				"${TARGET_BUILD_DIR}/${FRAMEWORKS_FOLDER_PATH}/SwiftyJSON.framework",
			);
			runOnlyForDeploymentPostprocessing = 0;
			shellPath = /bin/sh;
			shellScript = "\"${SRCROOT}/Pods/Target Support Files/Pods-ExerciseList/Pods-ExerciseList-frameworks.sh\"\n";
			showEnvVarsInLog = 0;
		};
		9D13E6412E9B579D9675603C /* [CP] Copy Pods Resources */ = {
			isa = PBXShellScriptBuildPhase;
			buildActionMask = 2147483647;
			files = (
			);
			inputPaths = (
			);
			name = "[CP] Copy Pods Resources";
			outputPaths = (
			);
			runOnlyForDeploymentPostprocessing = 0;
			shellPath = /bin/sh;
			shellScript = "\"${SRCROOT}/Pods/Target Support Files/Pods-ExerciseList/Pods-ExerciseList-resources.sh\"\n";
			showEnvVarsInLog = 0;
		};
/* End PBXShellScriptBuildPhase section */

/* Begin PBXSourcesBuildPhase section */
		7C5673291FAF91FD009B82AF /* Sources */ = {
			isa = PBXSourcesBuildPhase;
			buildActionMask = 2147483647;
			files = (
				7C5673331FAF91FD009B82AF /* ViewController.swift in Sources */,
				7C184A2E1FAFC35900680212 /* DatabaseService.swift in Sources */,
				7C61E4DA1FAF980B00A06204 /* Exercise.swift in Sources */,
				7C61E4D71FAF95D300A06204 /* ExerciseService.swift in Sources */,
				7C5673311FAF91FD009B82AF /* AppDelegate.swift in Sources */,
				7C61E4DD1FAF9AF600A06204 /* DataHandler.swift in Sources */,
				7C61E4E21FAFAF2100A06204 /* ExerciseCell.swift in Sources */,
			);
			runOnlyForDeploymentPostprocessing = 0;
		};
/* End PBXSourcesBuildPhase section */

/* Begin PBXVariantGroup section */
		7C5673341FAF91FD009B82AF /* Main.storyboard */ = {
			isa = PBXVariantGroup;
			children = (
				7C5673351FAF91FD009B82AF /* Base */,
			);
			name = Main.storyboard;
			sourceTree = "<group>";
		};
		7C5673391FAF91FD009B82AF /* LaunchScreen.storyboard */ = {
			isa = PBXVariantGroup;
			children = (
				7C56733A1FAF91FD009B82AF /* Base */,
			);
			name = LaunchScreen.storyboard;
			sourceTree = "<group>";
		};
/* End PBXVariantGroup section */

/* Begin XCBuildConfiguration section */
		7C56733D1FAF91FD009B82AF /* Debug */ = {
			isa = XCBuildConfiguration;
			buildSettings = {
				ALWAYS_SEARCH_USER_PATHS = NO;
				CLANG_ANALYZER_NONNULL = YES;
				CLANG_ANALYZER_NUMBER_OBJECT_CONVERSION = YES_AGGRESSIVE;
				CLANG_CXX_LANGUAGE_STANDARD = "gnu++14";
				CLANG_CXX_LIBRARY = "libc++";
				CLANG_ENABLE_MODULES = YES;
				CLANG_ENABLE_OBJC_ARC = YES;
				CLANG_WARN_BLOCK_CAPTURE_AUTORELEASING = YES;
				CLANG_WARN_BOOL_CONVERSION = YES;
				CLANG_WARN_COMMA = YES;
				CLANG_WARN_CONSTANT_CONVERSION = YES;
				CLANG_WARN_DIRECT_OBJC_ISA_USAGE = YES_ERROR;
				CLANG_WARN_DOCUMENTATION_COMMENTS = YES;
				CLANG_WARN_EMPTY_BODY = YES;
				CLANG_WARN_ENUM_CONVERSION = YES;
				CLANG_WARN_INFINITE_RECURSION = YES;
				CLANG_WARN_INT_CONVERSION = YES;
				CLANG_WARN_NON_LITERAL_NULL_CONVERSION = YES;
				CLANG_WARN_OBJC_LITERAL_CONVERSION = YES;
				CLANG_WARN_OBJC_ROOT_CLASS = YES_ERROR;
				CLANG_WARN_RANGE_LOOP_ANALYSIS = YES;
				CLANG_WARN_STRICT_PROTOTYPES = YES;
				CLANG_WARN_SUSPICIOUS_MOVE = YES;
				CLANG_WARN_UNGUARDED_AVAILABILITY = YES_AGGRESSIVE;
				CLANG_WARN_UNREACHABLE_CODE = YES;
				CLANG_WARN__DUPLICATE_METHOD_MATCH = YES;
				CODE_SIGN_IDENTITY = "iPhone Developer";
				COPY_PHASE_STRIP = NO;
				DEBUG_INFORMATION_FORMAT = dwarf;
				ENABLE_STRICT_OBJC_MSGSEND = YES;
				ENABLE_TESTABILITY = YES;
				GCC_C_LANGUAGE_STANDARD = gnu11;
				GCC_DYNAMIC_NO_PIC = NO;
				GCC_NO_COMMON_BLOCKS = YES;
				GCC_OPTIMIZATION_LEVEL = 0;
				GCC_PREPROCESSOR_DEFINITIONS = (
					"DEBUG=1",
					"$(inherited)",
				);
				GCC_WARN_64_TO_32_BIT_CONVERSION = YES;
				GCC_WARN_ABOUT_RETURN_TYPE = YES_ERROR;
				GCC_WARN_UNDECLARED_SELECTOR = YES;
				GCC_WARN_UNINITIALIZED_AUTOS = YES_AGGRESSIVE;
				GCC_WARN_UNUSED_FUNCTION = YES;
				GCC_WARN_UNUSED_VARIABLE = YES;
				IPHONEOS_DEPLOYMENT_TARGET = 11.0;
				MTL_ENABLE_DEBUG_INFO = YES;
				ONLY_ACTIVE_ARCH = YES;
				SDKROOT = iphoneos;
				SWIFT_ACTIVE_COMPILATION_CONDITIONS = DEBUG;
				SWIFT_OPTIMIZATION_LEVEL = "-Onone";
			};
			name = Debug;
		};
		7C56733E1FAF91FD009B82AF /* Release */ = {
			isa = XCBuildConfiguration;
			buildSettings = {
				ALWAYS_SEARCH_USER_PATHS = NO;
				CLANG_ANALYZER_NONNULL = YES;
				CLANG_ANALYZER_NUMBER_OBJECT_CONVERSION = YES_AGGRESSIVE;
				CLANG_CXX_LANGUAGE_STANDARD = "gnu++14";
				CLANG_CXX_LIBRARY = "libc++";
				CLANG_ENABLE_MODULES = YES;
				CLANG_ENABLE_OBJC_ARC = YES;
				CLANG_WARN_BLOCK_CAPTURE_AUTORELEASING = YES;
				CLANG_WARN_BOOL_CONVERSION = YES;
				CLANG_WARN_COMMA = YES;
				CLANG_WARN_CONSTANT_CONVERSION = YES;
				CLANG_WARN_DIRECT_OBJC_ISA_USAGE = YES_ERROR;
				CLANG_WARN_DOCUMENTATION_COMMENTS = YES;
				CLANG_WARN_EMPTY_BODY = YES;
				CLANG_WARN_ENUM_CONVERSION = YES;
				CLANG_WARN_INFINITE_RECURSION = YES;
				CLANG_WARN_INT_CONVERSION = YES;
				CLANG_WARN_NON_LITERAL_NULL_CONVERSION = YES;
				CLANG_WARN_OBJC_LITERAL_CONVERSION = YES;
				CLANG_WARN_OBJC_ROOT_CLASS = YES_ERROR;
				CLANG_WARN_RANGE_LOOP_ANALYSIS = YES;
				CLANG_WARN_STRICT_PROTOTYPES = YES;
				CLANG_WARN_SUSPICIOUS_MOVE = YES;
				CLANG_WARN_UNGUARDED_AVAILABILITY = YES_AGGRESSIVE;
				CLANG_WARN_UNREACHABLE_CODE = YES;
				CLANG_WARN__DUPLICATE_METHOD_MATCH = YES;
				CODE_SIGN_IDENTITY = "iPhone Developer";
				COPY_PHASE_STRIP = NO;
				DEBUG_INFORMATION_FORMAT = "dwarf-with-dsym";
				ENABLE_NS_ASSERTIONS = NO;
				ENABLE_STRICT_OBJC_MSGSEND = YES;
				GCC_C_LANGUAGE_STANDARD = gnu11;
				GCC_NO_COMMON_BLOCKS = YES;
				GCC_WARN_64_TO_32_BIT_CONVERSION = YES;
				GCC_WARN_ABOUT_RETURN_TYPE = YES_ERROR;
				GCC_WARN_UNDECLARED_SELECTOR = YES;
				GCC_WARN_UNINITIALIZED_AUTOS = YES_AGGRESSIVE;
				GCC_WARN_UNUSED_FUNCTION = YES;
				GCC_WARN_UNUSED_VARIABLE = YES;
				IPHONEOS_DEPLOYMENT_TARGET = 11.0;
				MTL_ENABLE_DEBUG_INFO = NO;
				SDKROOT = iphoneos;
				SWIFT_OPTIMIZATION_LEVEL = "-Owholemodule";
				VALIDATE_PRODUCT = YES;
			};
			name = Release;
		};
		7C5673401FAF91FD009B82AF /* Debug */ = {
			isa = XCBuildConfiguration;
			baseConfigurationReference = 610CE489D8ECD6974A66D95C /* Pods-ExerciseList.debug.xcconfig */;
			buildSettings = {
				ASSETCATALOG_COMPILER_APPICON_NAME = AppIcon;
				CODE_SIGN_STYLE = Automatic;
				INFOPLIST_FILE = ExerciseList/Info.plist;
				LD_RUNPATH_SEARCH_PATHS = "$(inherited) @executable_path/Frameworks";
				PRODUCT_BUNDLE_IDENTIFIER = com.timotheemato.ExerciseList;
				PRODUCT_NAME = "$(TARGET_NAME)";
				SWIFT_VERSION = 4.0;
				TARGETED_DEVICE_FAMILY = "1,2";
			};
			name = Debug;
		};
		7C5673411FAF91FD009B82AF /* Release */ = {
			isa = XCBuildConfiguration;
			baseConfigurationReference = 23022ADFAC1180753B338499 /* Pods-ExerciseList.release.xcconfig */;
			buildSettings = {
				ASSETCATALOG_COMPILER_APPICON_NAME = AppIcon;
				CODE_SIGN_STYLE = Automatic;
				INFOPLIST_FILE = ExerciseList/Info.plist;
				LD_RUNPATH_SEARCH_PATHS = "$(inherited) @executable_path/Frameworks";
				PRODUCT_BUNDLE_IDENTIFIER = com.timotheemato.ExerciseList;
				PRODUCT_NAME = "$(TARGET_NAME)";
				SWIFT_VERSION = 4.0;
				TARGETED_DEVICE_FAMILY = "1,2";
			};
			name = Release;
		};
/* End XCBuildConfiguration section */

/* Begin XCConfigurationList section */
		7C5673281FAF91FD009B82AF /* Build configuration list for PBXProject "ExerciseList" */ = {
			isa = XCConfigurationList;
			buildConfigurations = (
				7C56733D1FAF91FD009B82AF /* Debug */,
				7C56733E1FAF91FD009B82AF /* Release */,
			);
			defaultConfigurationIsVisible = 0;
			defaultConfigurationName = Release;
		};
		7C56733F1FAF91FD009B82AF /* Build configuration list for PBXNativeTarget "ExerciseList" */ = {
			isa = XCConfigurationList;
			buildConfigurations = (
				7C5673401FAF91FD009B82AF /* Debug */,
				7C5673411FAF91FD009B82AF /* Release */,
			);
			defaultConfigurationIsVisible = 0;
			defaultConfigurationName = Release;
		};
/* End XCConfigurationList section */
	};
	rootObject = 7C5673251FAF91FD009B82AF /* Project object */;
}
